<?xml version="1.0" encoding="utf-8"?>
<Project ToolsVersion="4.0" xmlns="http://schemas.microsoft.com/developer/msbuild/2003">
  <ItemGroup>
    <ClCompile Include="src\Sandbox.cpp" />
  </ItemGroup>
  <ItemGroup>
    <None Include="res\shaders\fragment\white_color.glsl" />
    <None Include="res\shaders\vertex\basic.glsl" />
    <None Include="res\shaders\fragment\custom_material.glsl" />
    <None Include="res\shaders\fragment\diffuse_maps.glsl" />
  </ItemGroup>
</Project>